
Microsoft Visual Studio Solution File, Format Version 11.00
# Visual Studio 2010
Project("{FAE04EC0-301F-11D3-BF4B-00C04F79EFBC}") = "Contact.DataAccess", "Contact.DataAccess\Contact.DataAccess.csproj", "{A57136DB-4F8D-434E-90CE-AB753C5FCD88}"
EndProject
Project("{FAE04EC0-301F-11D3-BF4B-00C04F79EFBC}") = "Contact.Site", "Contact.Site\Contact.Site.csproj", "{24685005-A9F2-45A0-A710-29020909B230}"
EndProject
Project("{FAE04EC0-301F-11D3-BF4B-00C04F79EFBC}") = "Contact.Service", "Contact.Service\Contact.Service.csproj", "{C81B803E-FC05-4D77-9B1F-48F260BC1B2D}"
EndProject
Global
	GlobalSection(SolutionConfigurationPlatforms) = preSolution
		Debug|Any CPU = Debug|Any CPU
		Release|Any CPU = Release|Any CPU
	EndGlobalSection
	GlobalSection(ProjectConfigurationPlatforms) = postSolution
		{A57136DB-4F8D-434E-90CE-AB753C5FCD88}.Debug|Any CPU.ActiveCfg = Debug|Any CPU
		{A57136DB-4F8D-434E-90CE-AB753C5FCD88}.Debug|Any CPU.Build.0 = Debug|Any CPU
		{A57136DB-4F8D-434E-90CE-AB753C5FCD88}.Release|Any CPU.ActiveCfg = Release|Any CPU
		{A57136DB-4F8D-434E-90CE-AB753C5FCD88}.Release|Any CPU.Build.0 = Release|Any CPU
		{24685005-A9F2-45A0-A710-29020909B230}.Debug|Any CPU.ActiveCfg = Debug|Any CPU
		{24685005-A9F2-45A0-A710-29020909B230}.Debug|Any CPU.Build.0 = Debug|Any CPU
		{24685005-A9F2-45A0-A710-29020909B230}.Release|Any CPU.ActiveCfg = Release|Any CPU
		{24685005-A9F2-45A0-A710-29020909B230}.Release|Any CPU.Build.0 = Release|Any CPU
		{C81B803E-FC05-4D77-9B1F-48F260BC1B2D}.Debug|Any CPU.ActiveCfg = Debug|Any CPU
		{C81B803E-FC05-4D77-9B1F-48F260BC1B2D}.Debug|Any CPU.Build.0 = Debug|Any CPU
		{C81B803E-FC05-4D77-9B1F-48F260BC1B2D}.Release|Any CPU.ActiveCfg = Release|Any CPU
		{C81B803E-FC05-4D77-9B1F-48F260BC1B2D}.Release|Any CPU.Build.0 = Release|Any CPU
	EndGlobalSection
	GlobalSection(SolutionProperties) = preSolution
		HideSolutionNode = FALSE
	EndGlobalSection
EndGlobal
